
Microsoft Visual Studio Solution File, Format Version 12.00
# Visual Studio Version 17
VisualStudioVersion = 17.6.33815.320
MinimumVisualStudioVersion = 10.0.40219.1
Project("{9A19103F-16F7-4668-BE54-9A1E7A4F7556}") = "eProdaja", "eProdaja\eProdaja.csproj", "{7FCA9565-F6B4-43C1-8A95-2264BCA07EDC}"
EndProject
Project("{9A19103F-16F7-4668-BE54-9A1E7A4F7556}") = "eProdaja.Model", "eProdaja.Model\eProdaja.Model.csproj", "{5E406029-5173-4EEC-84ED-E0CC01FF93D1}"
EndProject
Project("{9A19103F-16F7-4668-BE54-9A1E7A4F7556}") = "eProdaja.Services", "eProdaja.Services\eProdaja.Services.csproj", "{32DD3298-F267-4E44-BED7-9E633AFF5233}"
EndProject
Project("{9A19103F-16F7-4668-BE54-9A1E7A4F7556}") = "eProdaja.Subscriber", "eProdaja.Subscriber\eProdaja.Subscriber.csproj", "{54DF8540-88D3-47E3-A951-54B219E5469B}"
EndProject
Project("{2150E333-8FDC-42A3-9474-1A3956D46DE8}") = "Solution Items", "Solution Items", "{06B56FE1-A76E-44D2-9C8A-989CF4A0F42B}"
	ProjectSection(SolutionItems) = preProject
		Dockerfile = Dockerfile
	EndProjectSection
EndProject
Global
	GlobalSection(SolutionConfigurationPlatforms) = preSolution
		Debug|Any CPU = Debug|Any CPU
		Release|Any CPU = Release|Any CPU
	EndGlobalSection
	GlobalSection(ProjectConfigurationPlatforms) = postSolution
		{7FCA9565-F6B4-43C1-8A95-2264BCA07EDC}.Debug|Any CPU.ActiveCfg = Debug|Any CPU
		{7FCA9565-F6B4-43C1-8A95-2264BCA07EDC}.Debug|Any CPU.Build.0 = Debug|Any CPU
		{7FCA9565-F6B4-43C1-8A95-2264BCA07EDC}.Release|Any CPU.ActiveCfg = Release|Any CPU
		{7FCA9565-F6B4-43C1-8A95-2264BCA07EDC}.Release|Any CPU.Build.0 = Release|Any CPU
		{5E406029-5173-4EEC-84ED-E0CC01FF93D1}.Debug|Any CPU.ActiveCfg = Debug|Any CPU
		{5E406029-5173-4EEC-84ED-E0CC01FF93D1}.Debug|Any CPU.Build.0 = Debug|Any CPU
		{5E406029-5173-4EEC-84ED-E0CC01FF93D1}.Release|Any CPU.ActiveCfg = Release|Any CPU
		{5E406029-5173-4EEC-84ED-E0CC01FF93D1}.Release|Any CPU.Build.0 = Release|Any CPU
		{32DD3298-F267-4E44-BED7-9E633AFF5233}.Debug|Any CPU.ActiveCfg = Debug|Any CPU
		{32DD3298-F267-4E44-BED7-9E633AFF5233}.Debug|Any CPU.Build.0 = Debug|Any CPU
		{32DD3298-F267-4E44-BED7-9E633AFF5233}.Release|Any CPU.ActiveCfg = Release|Any CPU
		{32DD3298-F267-4E44-BED7-9E633AFF5233}.Release|Any CPU.Build.0 = Release|Any CPU
		{54DF8540-88D3-47E3-A951-54B219E5469B}.Debug|Any CPU.ActiveCfg = Debug|Any CPU
		{54DF8540-88D3-47E3-A951-54B219E5469B}.Debug|Any CPU.Build.0 = Debug|Any CPU
		{54DF8540-88D3-47E3-A951-54B219E5469B}.Release|Any CPU.ActiveCfg = Release|Any CPU
		{54DF8540-88D3-47E3-A951-54B219E5469B}.Release|Any CPU.Build.0 = Release|Any CPU
	EndGlobalSection
	GlobalSection(SolutionProperties) = preSolution
		HideSolutionNode = FALSE
	EndGlobalSection
	GlobalSection(ExtensibilityGlobals) = postSolution
		SolutionGuid = {2DDB4A7A-1E48-40A7-B1EE-F0BAB2D732A8}
	EndGlobalSection
EndGlobal
