
Microsoft Visual Studio Solution File, Format Version 12.00
# Visual Studio Version 17
VisualStudioVersion = 17.6.33815.320
MinimumVisualStudioVersion = 10.0.40219.1
Project("{FAE04EC0-301F-11D3-BF4B-00C04F79EFBC}") = "eProdaja", "eProdaja\eProdaja.csproj", "{7FCA9565-F6B4-43C1-8A95-2264BCA07EDC}"
EndProject
Project("{FAE04EC0-301F-11D3-BF4B-00C04F79EFBC}") = "eProdaja.Model", "eProdaja.Model\eProdaja.Model.csproj", "{5E406029-5173-4EEC-84ED-E0CC01FF93D1}"
EndProject
Project("{FAE04EC0-301F-11D3-BF4B-00C04F79EFBC}") = "eProdaja.Services", "eProdaja.Services\eProdaja.Services.csproj", "{32DD3298-F267-4E44-BED7-9E633AFF5233}"
EndProject
Global
	GlobalSection(SolutionConfigurationPlatforms) = preSolution
		Debug|Any CPU = Debug|Any CPU
		Release|Any CPU = Release|Any CPU
	EndGlobalSection
	GlobalSection(ProjectConfigurationPlatforms) = postSolution
		{7FCA9565-F6B4-43C1-8A95-2264BCA07EDC}.Debug|Any CPU.ActiveCfg = Debug|Any CPU
		{7FCA9565-F6B4-43C1-8A95-2264BCA07EDC}.Debug|Any CPU.Build.0 = Debug|Any CPU
		{7FCA9565-F6B4-43C1-8A95-2264BCA07EDC}.Release|Any CPU.ActiveCfg = Release|Any CPU
		{7FCA9565-F6B4-43C1-8A95-2264BCA07EDC}.Release|Any CPU.Build.0 = Release|Any CPU
		{5E406029-5173-4EEC-84ED-E0CC01FF93D1}.Debug|Any CPU.ActiveCfg = Debug|Any CPU
		{5E406029-5173-4EEC-84ED-E0CC01FF93D1}.Debug|Any CPU.Build.0 = Debug|Any CPU
		{5E406029-5173-4EEC-84ED-E0CC01FF93D1}.Release|Any CPU.ActiveCfg = Release|Any CPU
		{5E406029-5173-4EEC-84ED-E0CC01FF93D1}.Release|Any CPU.Build.0 = Release|Any CPU
		{32DD3298-F267-4E44-BED7-9E633AFF5233}.Debug|Any CPU.ActiveCfg = Debug|Any CPU
		{32DD3298-F267-4E44-BED7-9E633AFF5233}.Debug|Any CPU.Build.0 = Debug|Any CPU
		{32DD3298-F267-4E44-BED7-9E633AFF5233}.Release|Any CPU.ActiveCfg = Release|Any CPU
		{32DD3298-F267-4E44-BED7-9E633AFF5233}.Release|Any CPU.Build.0 = Release|Any CPU
	EndGlobalSection
	GlobalSection(SolutionProperties) = preSolution
		HideSolutionNode = FALSE
	EndGlobalSection
	GlobalSection(ExtensibilityGlobals) = postSolution
		SolutionGuid = {2DDB4A7A-1E48-40A7-B1EE-F0BAB2D732A8}
	EndGlobalSection
EndGlobal
